// !$*UTF8*$!
{
	archiveVersion = 1;
	classes = {
	};
	objectVersion = 70;
	objects = {

/* Begin PBXBuildFile section */
		723ABD872AFFF1B800C260F1 /* LMessengerApp.swift in Sources */ = {isa = PBXBuildFile; fileRef = 723ABD862AFFF1B800C260F1 /* LMessengerApp.swift */; };
		723ABD8B2AFFF1B900C260F1 /* Assets.xcassets in Resources */ = {isa = PBXBuildFile; fileRef = 723ABD8A2AFFF1B900C260F1 /* Assets.xcassets */; };
		723ABD8E2AFFF1B900C260F1 /* Preview Assets.xcassets in Resources */ = {isa = PBXBuildFile; fileRef = 723ABD8D2AFFF1B900C260F1 /* Preview Assets.xcassets */; };
		723ABD982AFFF1B900C260F1 /* LMessengerTests.swift in Sources */ = {isa = PBXBuildFile; fileRef = 723ABD972AFFF1B900C260F1 /* LMessengerTests.swift */; };
		723ABDB22AFFF1F000C260F1 /* Colors.xcassets in Resources */ = {isa = PBXBuildFile; fileRef = 723ABDB12AFFF1F000C260F1 /* Colors.xcassets */; };
		72E4BEFC2B00B871007A1060 /* Color+Extension.swift in Sources */ = {isa = PBXBuildFile; fileRef = 72E4BEFB2B00B871007A1060 /* Color+Extension.swift */; };
		BC02BA8D2E55749000B7AD5B /* Search.xcdatamodeld in Sources */ = {isa = PBXBuildFile; fileRef = BC02BA8B2E55749000B7AD5B /* Search.xcdatamodeld */; };
		BC02BAA22E55C3FE00B7AD5B /* RecentSearchView.swift in Sources */ = {isa = PBXBuildFile; fileRef = BC02BAA12E55C3FE00B7AD5B /* RecentSearchView.swift */; };
		BC0C65282E0160AF0052D0C1 /* FirebaseAuth in Frameworks */ = {isa = PBXBuildFile; productRef = BC0C65272E0160AF0052D0C1 /* FirebaseAuth */; settings = {ATTRIBUTES = (Required, ); }; };
		BC0C652A2E0160ED0052D0C1 /* AppDelegate.swift in Sources */ = {isa = PBXBuildFile; fileRef = BC0C65292E0160EA0052D0C1 /* AppDelegate.swift */; };
		BC20277B2DF60B6200B1CC27 /* LaunchScreen.storyboard in Resources */ = {isa = PBXBuildFile; fileRef = BC20277A2DF60B6200B1CC27 /* LaunchScreen.storyboard */; };
		BC219AC32E019DF3001F282C /* GoogleSignIn in Frameworks */ = {isa = PBXBuildFile; productRef = BC219AC22E019DF3001F282C /* GoogleSignIn */; settings = {ATTRIBUTES = (Required, ); }; };
		BC4C285A2E5C246D005977D9 /* FirebaseAuth in Frameworks */ = {isa = PBXBuildFile; productRef = BC4C28592E5C246D005977D9 /* FirebaseAuth */; };
		BC4C285C2E5C246D005977D9 /* FirebaseDatabase in Frameworks */ = {isa = PBXBuildFile; productRef = BC4C285B2E5C246D005977D9 /* FirebaseDatabase */; };
		BC4C285E2E5C246D005977D9 /* FirebaseMessaging in Frameworks */ = {isa = PBXBuildFile; productRef = BC4C285D2E5C246D005977D9 /* FirebaseMessaging */; };
		BC4C28602E5C246D005977D9 /* FirebaseStorage in Frameworks */ = {isa = PBXBuildFile; productRef = BC4C285F2E5C246D005977D9 /* FirebaseStorage */; };
		BC4C28622E5C246D005977D9 /* FirebaseStorageCombine-Community in Frameworks */ = {isa = PBXBuildFile; productRef = BC4C28612E5C246D005977D9 /* FirebaseStorageCombine-Community */; };
		BC4C28642E5C246D005977D9 /* GoogleSignIn in Frameworks */ = {isa = PBXBuildFile; productRef = BC4C28632E5C246D005977D9 /* GoogleSignIn */; };
		BC4C286A2E5C2805005977D9 /* UserDBRepository.swift in Sources */ = {isa = PBXBuildFile; fileRef = BC8992DB2E3F8970009E65CA /* UserDBRepository.swift */; };
		BC71B3CA2E4313D0004A3C61 /* MyprofilleViewModel.swift in Sources */ = {isa = PBXBuildFile; fileRef = BC71B3C92E4313C7004A3C61 /* MyprofilleViewModel.swift */; };
		BC7966C52E3DE3ED00F1FB81 /* AuthenticatedView.swift in Sources */ = {isa = PBXBuildFile; fileRef = BC7966BA2E3DE3ED00F1FB81 /* AuthenticatedView.swift */; };
		BC7966C62E3DE3ED00F1FB81 /* AuthenticatedViewModel.swift in Sources */ = {isa = PBXBuildFile; fileRef = BC7966BB2E3DE3ED00F1FB81 /* AuthenticatedViewModel.swift */; };
		BC7966C72E3DE3ED00F1FB81 /* LoginButtonStyle.swift in Sources */ = {isa = PBXBuildFile; fileRef = BC7966BD2E3DE3ED00F1FB81 /* LoginButtonStyle.swift */; };
		BC7966C82E3DE3ED00F1FB81 /* LoginIntroView.swift in Sources */ = {isa = PBXBuildFile; fileRef = BC7966BE2E3DE3ED00F1FB81 /* LoginIntroView.swift */; };
		BC7966C92E3DE3ED00F1FB81 /* LoginView.swift in Sources */ = {isa = PBXBuildFile; fileRef = BC7966BF2E3DE3ED00F1FB81 /* LoginView.swift */; };
		BC7966CA2E3DE3ED00F1FB81 /* MainTabType.swift in Sources */ = {isa = PBXBuildFile; fileRef = BC7966C12E3DE3ED00F1FB81 /* MainTabType.swift */; };
		BC7966CB2E3DE3ED00F1FB81 /* MainTabView.swift in Sources */ = {isa = PBXBuildFile; fileRef = BC7966C22E3DE3ED00F1FB81 /* MainTabView.swift */; };
		BC7966CF2E3DE40D00F1FB81 /* HomeView.swift in Sources */ = {isa = PBXBuildFile; fileRef = BC7966CE2E3DE40A00F1FB81 /* HomeView.swift */; };
		BC7966D12E3DE41500F1FB81 /* ChatListView.swift in Sources */ = {isa = PBXBuildFile; fileRef = BC7966D02E3DE41100F1FB81 /* ChatListView.swift */; };
		BC7966D62E3DE8AE00F1FB81 /* HomeViewModel.swift in Sources */ = {isa = PBXBuildFile; fileRef = BC7966D52E3DE8A700F1FB81 /* HomeViewModel.swift */; };
		BC7FEC9E2E40F06000E43050 /* HomeModalDestination.swift in Sources */ = {isa = PBXBuildFile; fileRef = BC7FEC9D2E40F05200E43050 /* HomeModalDestination.swift */; };
		BC7FECA12E40F17900E43050 /* MyProfileView.swift in Sources */ = {isa = PBXBuildFile; fileRef = BC7FECA02E40F17100E43050 /* MyProfileView.swift */; };
		BC7FECA32E40F19C00E43050 /* OtherProfileView.swift in Sources */ = {isa = PBXBuildFile; fileRef = BC7FECA22E40F19400E43050 /* OtherProfileView.swift */; };
		BC8992B82E3DFD71009E65CA /* FirebaseDatabase in Frameworks */ = {isa = PBXBuildFile; productRef = BC8992B72E3DFD71009E65CA /* FirebaseDatabase */; settings = {ATTRIBUTES = (Required, ); }; };
		BC8992DC2E3F897C009E65CA /* UserDBRepository.swift in Sources */ = {isa = PBXBuildFile; fileRef = BC8992DB2E3F8970009E65CA /* UserDBRepository.swift */; };
		BC8992E32E3F8B66009E65CA /* UserObject.swift in Sources */ = {isa = PBXBuildFile; fileRef = BC8992E22E3F8B5C009E65CA /* UserObject.swift */; };
		BC8992E52E3F8BE4009E65CA /* DBError.swift in Sources */ = {isa = PBXBuildFile; fileRef = BC8992E42E3F8BDE009E65CA /* DBError.swift */; };
		BC9EF0952E43195F00725CD1 /* MyProfileMenuType.swift in Sources */ = {isa = PBXBuildFile; fileRef = BC9EF0942E43195600725CD1 /* MyProfileMenuType.swift */; };
		BC9EF0972E43249200725CD1 /* MyProfileDescEditView.swift in Sources */ = {isa = PBXBuildFile; fileRef = BC9EF0962E43248700725CD1 /* MyProfileDescEditView.swift */; };
		BC9EF0992E432F2700725CD1 /* FirebaseStorage in Frameworks */ = {isa = PBXBuildFile; productRef = BC9EF0982E432F2700725CD1 /* FirebaseStorage */; settings = {ATTRIBUTES = (Required, ); }; };
		BC9EF09B2E432F2700725CD1 /* FirebaseStorageCombine-Community in Frameworks */ = {isa = PBXBuildFile; productRef = BC9EF09A2E432F2700725CD1 /* FirebaseStorageCombine-Community */; settings = {ATTRIBUTES = (Required, ); }; };
		BCA0707A2E437DD80089A2F5 /* DIContainer.swift in Sources */ = {isa = PBXBuildFile; fileRef = BCA070772E437DD80089A2F5 /* DIContainer.swift */; };
		BCA0707F2E43AB6F0089A2F5 /* UploadProvider.swift in Sources */ = {isa = PBXBuildFile; fileRef = BCA0707E2E43AB640089A2F5 /* UploadProvider.swift */; };
		BCA0708A2E43B04E0089A2F5 /* AuthenticationService.swift in Sources */ = {isa = PBXBuildFile; fileRef = BCA070842E43B04E0089A2F5 /* AuthenticationService.swift */; };
		BCA0708B2E43B04E0089A2F5 /* Services.swift in Sources */ = {isa = PBXBuildFile; fileRef = BCA070872E43B04E0089A2F5 /* Services.swift */; };
		BCA0708C2E43B04E0089A2F5 /* ContactService.swift in Sources */ = {isa = PBXBuildFile; fileRef = BCA070852E43B04E0089A2F5 /* ContactService.swift */; };
		BCA0708D2E43B04E0089A2F5 /* UserService.swift in Sources */ = {isa = PBXBuildFile; fileRef = BCA070882E43B04E0089A2F5 /* UserService.swift */; };
		BCA0708E2E43B04E0089A2F5 /* ServiceError.swift in Sources */ = {isa = PBXBuildFile; fileRef = BCA070862E43B04E0089A2F5 /* ServiceError.swift */; };
		BCA070932E43B0A40089A2F5 /* UploadService.swift in Sources */ = {isa = PBXBuildFile; fileRef = BCA070922E43B0940089A2F5 /* UploadService.swift */; };
		BCA070952E43B0B30089A2F5 /* UploadSourceType.swift in Sources */ = {isa = PBXBuildFile; fileRef = BCA070942E43B0A80089A2F5 /* UploadSourceType.swift */; };
		BCA070982E43B84A0089A2F5 /* PhotoPickerService.swift in Sources */ = {isa = PBXBuildFile; fileRef = BCA070972E43B83B0089A2F5 /* PhotoPickerService.swift */; };
		BCA0709B2E43B9EA0089A2F5 /* PhotoImage.swift in Sources */ = {isa = PBXBuildFile; fileRef = BCA0709A2E43B9E30089A2F5 /* PhotoImage.swift */; };
		BCA070C72E4476D40089A2F5 /* ImageCacheService.swift in Sources */ = {isa = PBXBuildFile; fileRef = BCA070C62E4476BB0089A2F5 /* ImageCacheService.swift */; };
		BCA070CC2E4478A60089A2F5 /* MemoryStorage.swift in Sources */ = {isa = PBXBuildFile; fileRef = BCA070CB2E44789F0089A2F5 /* MemoryStorage.swift */; };
		BCA070CE2E4485630089A2F5 /* DiskStorage.swift in Sources */ = {isa = PBXBuildFile; fileRef = BCA070CD2E4485530089A2F5 /* DiskStorage.swift */; };
		BCA071072E45CABD0089A2F5 /* OtherProfileViewModel.swift in Sources */ = {isa = PBXBuildFile; fileRef = BCA071062E45CAB50089A2F5 /* OtherProfileViewModel.swift */; };
		BCA071092E45CC8B0089A2F5 /* OtherProfileMenuType.swift in Sources */ = {isa = PBXBuildFile; fileRef = BCA071082E45CC890089A2F5 /* OtherProfileMenuType.swift */; };
		BCA0710B2E45CE050089A2F5 /* ChatRoomDBRepository.swift in Sources */ = {isa = PBXBuildFile; fileRef = BCA0710A2E45CE050089A2F5 /* ChatRoomDBRepository.swift */; };
		BCA0710D2E45CEB00089A2F5 /* ChatRoomObject.swift in Sources */ = {isa = PBXBuildFile; fileRef = BCA0710C2E45CEA20089A2F5 /* ChatRoomObject.swift */; };
		BCA071112E45D4870089A2F5 /* ChatRoomService.swift in Sources */ = {isa = PBXBuildFile; fileRef = BCA071102E45D47D0089A2F5 /* ChatRoomService.swift */; };
		BCA071392E45E75D0089A2F5 /* ChatView.swift in Sources */ = {isa = PBXBuildFile; fileRef = BCA071382E45E7580089A2F5 /* ChatView.swift */; };
		BCA0713B2E45E7690089A2F5 /* SearchView.swift in Sources */ = {isa = PBXBuildFile; fileRef = BCA0713A2E45E7610089A2F5 /* SearchView.swift */; };
		BCA071762E48C7E10089A2F5 /* ChatListViewModel.swift in Sources */ = {isa = PBXBuildFile; fileRef = BCA071752E48C7D60089A2F5 /* ChatListViewModel.swift */; };
		BCA071802E49B9180089A2F5 /* ChatViewModle.swift in Sources */ = {isa = PBXBuildFile; fileRef = BCA0717F2E49B9170089A2F5 /* ChatViewModle.swift */; };
		BCA071882E49C2800089A2F5 /* Data+Extension.swift in Sources */ = {isa = PBXBuildFile; fileRef = BCA071872E49C2760089A2F5 /* Data+Extension.swift */; };
		BCA0718A2E49CD2A0089A2F5 /* ChatItemView.swift in Sources */ = {isa = PBXBuildFile; fileRef = BCA071892E49CD210089A2F5 /* ChatItemView.swift */; };
		BCA0718C2E49CD4A0089A2F5 /* ChatImteDirection.swift in Sources */ = {isa = PBXBuildFile; fileRef = BCA0718B2E49CD320089A2F5 /* ChatImteDirection.swift */; };
		BCA0718E2E49DD140089A2F5 /* KeyboardToolbar.swift in Sources */ = {isa = PBXBuildFile; fileRef = BCA0718D2E49DD050089A2F5 /* KeyboardToolbar.swift */; };
		BCA071C72E4C66C80089A2F5 /* ChatDBRepository.swift in Sources */ = {isa = PBXBuildFile; fileRef = BCA071C62E4C66B80089A2F5 /* ChatDBRepository.swift */; };
		BCA071C92E4C687D0089A2F5 /* ChatObject.swift in Sources */ = {isa = PBXBuildFile; fileRef = BCA071C82E4C68760089A2F5 /* ChatObject.swift */; };
		BCA071CB2E4C6BDB0089A2F5 /* ChatService.swift in Sources */ = {isa = PBXBuildFile; fileRef = BCA071CA2E4C6BD00089A2F5 /* ChatService.swift */; };
		BCA071CE2E4CE6560089A2F5 /* ChatImageItemView.swift in Sources */ = {isa = PBXBuildFile; fileRef = BCA071CD2E4CE6440089A2F5 /* ChatImageItemView.swift */; };
		BCBE85AB2E540990008CFC35 /* SearchViewModel.swift in Sources */ = {isa = PBXBuildFile; fileRef = BCBE85AA2E54097F008CFC35 /* SearchViewModel.swift */; };
		BCBE85AD2E5469D7008CFC35 /* SearchBar.swift in Sources */ = {isa = PBXBuildFile; fileRef = BCBE85AC2E5469C9008CFC35 /* SearchBar.swift */; };
		BCD78E6A2E5B5B52004EA26D /* SettingView.swift in Sources */ = {isa = PBXBuildFile; fileRef = BCD78E662E5B5B52004EA26D /* SettingView.swift */; };
		BCD78E6B2E5B5B52004EA26D /* SettingViewModel.swift in Sources */ = {isa = PBXBuildFile; fileRef = BCD78E672E5B5B52004EA26D /* SettingViewModel.swift */; };
		BCD78E6C2E5B5B52004EA26D /* SettingItem.swift in Sources */ = {isa = PBXBuildFile; fileRef = BCD78E682E5B5B52004EA26D /* SettingItem.swift */; };
		BCE180982E505AF200C34A38 /* FirebaseMessaging in Frameworks */ = {isa = PBXBuildFile; productRef = BCE180972E505AF200C34A38 /* FirebaseMessaging */; settings = {ATTRIBUTES = (Required, ); }; };
		BCE1809A2E505F1200C34A38 /* PushNotificationService.swift in Sources */ = {isa = PBXBuildFile; fileRef = BCE180992E505F1200C34A38 /* PushNotificationService.swift */; };
		BCE1809E2E507C3600C34A38 /* PushNotificationProvider.swift in Sources */ = {isa = PBXBuildFile; fileRef = BCE1809D2E507C3600C34A38 /* PushNotificationProvider.swift */; };
		BCE180A02E507D5500C34A38 /* PushObject.swift in Sources */ = {isa = PBXBuildFile; fileRef = BCE1809F2E507D5500C34A38 /* PushObject.swift */; };
		BCE1AF952E534627004114C3 /* GoogleService-Info.plist in Resources */ = {isa = PBXBuildFile; fileRef = BCE1AF942E534627004114C3 /* GoogleService-Info.plist */; };
/* End PBXBuildFile section */

/* Begin PBXContainerItemProxy section */
		723ABD942AFFF1B900C260F1 /* PBXContainerItemProxy */ = {
			isa = PBXContainerItemProxy;
			containerPortal = 723ABD7B2AFFF1B800C260F1 /* Project object */;
			proxyType = 1;
			remoteGlobalIDString = 723ABD822AFFF1B800C260F1;
			remoteInfo = LMessenger;
		};
/* End PBXContainerItemProxy section */

/* Begin PBXFileReference section */
		723ABD832AFFF1B800C260F1 /* LMessenger.app */ = {isa = PBXFileReference; explicitFileType = wrapper.application; includeInIndex = 0; path = LMessenger.app; sourceTree = BUILT_PRODUCTS_DIR; };
		723ABD862AFFF1B800C260F1 /* LMessengerApp.swift */ = {isa = PBXFileReference; lastKnownFileType = sourcecode.swift; path = LMessengerApp.swift; sourceTree = "<group>"; };
		723ABD8A2AFFF1B900C260F1 /* Assets.xcassets */ = {isa = PBXFileReference; lastKnownFileType = folder.assetcatalog; path = Assets.xcassets; sourceTree = "<group>"; };
		723ABD8D2AFFF1B900C260F1 /* Preview Assets.xcassets */ = {isa = PBXFileReference; lastKnownFileType = folder.assetcatalog; path = "Preview Assets.xcassets"; sourceTree = "<group>"; };
		723ABD932AFFF1B900C260F1 /* LMessengerTests.xctest */ = {isa = PBXFileReference; explicitFileType = wrapper.cfbundle; includeInIndex = 0; path = LMessengerTests.xctest; sourceTree = BUILT_PRODUCTS_DIR; };
		723ABD972AFFF1B900C260F1 /* LMessengerTests.swift */ = {isa = PBXFileReference; lastKnownFileType = sourcecode.swift; path = LMessengerTests.swift; sourceTree = "<group>"; };
		723ABDB12AFFF1F000C260F1 /* Colors.xcassets */ = {isa = PBXFileReference; lastKnownFileType = folder.assetcatalog; path = Colors.xcassets; sourceTree = "<group>"; };
		72E4BEFB2B00B871007A1060 /* Color+Extension.swift */ = {isa = PBXFileReference; fileEncoding = 4; lastKnownFileType = sourcecode.swift; path = "Color+Extension.swift"; sourceTree = "<group>"; };
		BC02BA8C2E55749000B7AD5B /* Search.xcdatamodel */ = {isa = PBXFileReference; lastKnownFileType = wrapper.xcdatamodel; path = Search.xcdatamodel; sourceTree = "<group>"; };
		BC02BAA12E55C3FE00B7AD5B /* RecentSearchView.swift */ = {isa = PBXFileReference; lastKnownFileType = sourcecode.swift; path = RecentSearchView.swift; sourceTree = "<group>"; };
		BC0C65292E0160EA0052D0C1 /* AppDelegate.swift */ = {isa = PBXFileReference; lastKnownFileType = sourcecode.swift; path = AppDelegate.swift; sourceTree = "<group>"; };
		BC0C652D2E0162B60052D0C1 /* Info.plist */ = {isa = PBXFileReference; lastKnownFileType = text.plist.xml; path = Info.plist; sourceTree = "<group>"; };
		BC20277A2DF60B6200B1CC27 /* LaunchScreen.storyboard */ = {isa = PBXFileReference; lastKnownFileType = file.storyboard; path = LaunchScreen.storyboard; sourceTree = "<group>"; };
		BC71B3C92E4313C7004A3C61 /* MyprofilleViewModel.swift */ = {isa = PBXFileReference; lastKnownFileType = sourcecode.swift; path = MyprofilleViewModel.swift; sourceTree = "<group>"; };
		BC7966BA2E3DE3ED00F1FB81 /* AuthenticatedView.swift */ = {isa = PBXFileReference; lastKnownFileType = sourcecode.swift; path = AuthenticatedView.swift; sourceTree = "<group>"; };
		BC7966BB2E3DE3ED00F1FB81 /* AuthenticatedViewModel.swift */ = {isa = PBXFileReference; lastKnownFileType = sourcecode.swift; path = AuthenticatedViewModel.swift; sourceTree = "<group>"; };
		BC7966BD2E3DE3ED00F1FB81 /* LoginButtonStyle.swift */ = {isa = PBXFileReference; lastKnownFileType = sourcecode.swift; path = LoginButtonStyle.swift; sourceTree = "<group>"; };
		BC7966BE2E3DE3ED00F1FB81 /* LoginIntroView.swift */ = {isa = PBXFileReference; lastKnownFileType = sourcecode.swift; path = LoginIntroView.swift; sourceTree = "<group>"; };
		BC7966BF2E3DE3ED00F1FB81 /* LoginView.swift */ = {isa = PBXFileReference; lastKnownFileType = sourcecode.swift; path = LoginView.swift; sourceTree = "<group>"; };
		BC7966C12E3DE3ED00F1FB81 /* MainTabType.swift */ = {isa = PBXFileReference; lastKnownFileType = sourcecode.swift; path = MainTabType.swift; sourceTree = "<group>"; };
		BC7966C22E3DE3ED00F1FB81 /* MainTabView.swift */ = {isa = PBXFileReference; lastKnownFileType = sourcecode.swift; path = MainTabView.swift; sourceTree = "<group>"; };
		BC7966CE2E3DE40A00F1FB81 /* HomeView.swift */ = {isa = PBXFileReference; lastKnownFileType = sourcecode.swift; path = HomeView.swift; sourceTree = "<group>"; };
		BC7966D02E3DE41100F1FB81 /* ChatListView.swift */ = {isa = PBXFileReference; lastKnownFileType = sourcecode.swift; path = ChatListView.swift; sourceTree = "<group>"; };
		BC7966D52E3DE8A700F1FB81 /* HomeViewModel.swift */ = {isa = PBXFileReference; lastKnownFileType = sourcecode.swift; path = HomeViewModel.swift; sourceTree = "<group>"; };
		BC7FEC9D2E40F05200E43050 /* HomeModalDestination.swift */ = {isa = PBXFileReference; lastKnownFileType = sourcecode.swift; path = HomeModalDestination.swift; sourceTree = "<group>"; };
		BC7FECA02E40F17100E43050 /* MyProfileView.swift */ = {isa = PBXFileReference; lastKnownFileType = sourcecode.swift; path = MyProfileView.swift; sourceTree = "<group>"; };
		BC7FECA22E40F19400E43050 /* OtherProfileView.swift */ = {isa = PBXFileReference; lastKnownFileType = sourcecode.swift; path = OtherProfileView.swift; sourceTree = "<group>"; };
		BC8992DB2E3F8970009E65CA /* UserDBRepository.swift */ = {isa = PBXFileReference; lastKnownFileType = sourcecode.swift; path = UserDBRepository.swift; sourceTree = "<group>"; };
		BC8992E22E3F8B5C009E65CA /* UserObject.swift */ = {isa = PBXFileReference; lastKnownFileType = sourcecode.swift; path = UserObject.swift; sourceTree = "<group>"; };
		BC8992E42E3F8BDE009E65CA /* DBError.swift */ = {isa = PBXFileReference; lastKnownFileType = sourcecode.swift; path = DBError.swift; sourceTree = "<group>"; };
		BC9EF0942E43195600725CD1 /* MyProfileMenuType.swift */ = {isa = PBXFileReference; lastKnownFileType = sourcecode.swift; path = MyProfileMenuType.swift; sourceTree = "<group>"; };
		BC9EF0962E43248700725CD1 /* MyProfileDescEditView.swift */ = {isa = PBXFileReference; lastKnownFileType = sourcecode.swift; path = MyProfileDescEditView.swift; sourceTree = "<group>"; };
		BCA070772E437DD80089A2F5 /* DIContainer.swift */ = {isa = PBXFileReference; lastKnownFileType = sourcecode.swift; path = DIContainer.swift; sourceTree = "<group>"; };
		BCA0707E2E43AB640089A2F5 /* UploadProvider.swift */ = {isa = PBXFileReference; lastKnownFileType = sourcecode.swift; path = UploadProvider.swift; sourceTree = "<group>"; };
		BCA070842E43B04E0089A2F5 /* AuthenticationService.swift */ = {isa = PBXFileReference; lastKnownFileType = sourcecode.swift; path = AuthenticationService.swift; sourceTree = "<group>"; };
		BCA070852E43B04E0089A2F5 /* ContactService.swift */ = {isa = PBXFileReference; lastKnownFileType = sourcecode.swift; path = ContactService.swift; sourceTree = "<group>"; };
		BCA070862E43B04E0089A2F5 /* ServiceError.swift */ = {isa = PBXFileReference; lastKnownFileType = sourcecode.swift; path = ServiceError.swift; sourceTree = "<group>"; };
		BCA070872E43B04E0089A2F5 /* Services.swift */ = {isa = PBXFileReference; lastKnownFileType = sourcecode.swift; path = Services.swift; sourceTree = "<group>"; };
		BCA070882E43B04E0089A2F5 /* UserService.swift */ = {isa = PBXFileReference; lastKnownFileType = sourcecode.swift; path = UserService.swift; sourceTree = "<group>"; };
		BCA070922E43B0940089A2F5 /* UploadService.swift */ = {isa = PBXFileReference; lastKnownFileType = sourcecode.swift; path = UploadService.swift; sourceTree = "<group>"; };
		BCA070942E43B0A80089A2F5 /* UploadSourceType.swift */ = {isa = PBXFileReference; lastKnownFileType = sourcecode.swift; path = UploadSourceType.swift; sourceTree = "<group>"; };
		BCA070972E43B83B0089A2F5 /* PhotoPickerService.swift */ = {isa = PBXFileReference; lastKnownFileType = sourcecode.swift; path = PhotoPickerService.swift; sourceTree = "<group>"; };
		BCA0709A2E43B9E30089A2F5 /* PhotoImage.swift */ = {isa = PBXFileReference; lastKnownFileType = sourcecode.swift; path = PhotoImage.swift; sourceTree = "<group>"; };
		BCA070C62E4476BB0089A2F5 /* ImageCacheService.swift */ = {isa = PBXFileReference; lastKnownFileType = sourcecode.swift; path = ImageCacheService.swift; sourceTree = "<group>"; };
		BCA070CB2E44789F0089A2F5 /* MemoryStorage.swift */ = {isa = PBXFileReference; lastKnownFileType = sourcecode.swift; path = MemoryStorage.swift; sourceTree = "<group>"; };
		BCA070CD2E4485530089A2F5 /* DiskStorage.swift */ = {isa = PBXFileReference; lastKnownFileType = sourcecode.swift; path = DiskStorage.swift; sourceTree = "<group>"; };
		BCA071062E45CAB50089A2F5 /* OtherProfileViewModel.swift */ = {isa = PBXFileReference; lastKnownFileType = sourcecode.swift; path = OtherProfileViewModel.swift; sourceTree = "<group>"; };
		BCA071082E45CC890089A2F5 /* OtherProfileMenuType.swift */ = {isa = PBXFileReference; lastKnownFileType = sourcecode.swift; path = OtherProfileMenuType.swift; sourceTree = "<group>"; };
		BCA0710A2E45CE050089A2F5 /* ChatRoomDBRepository.swift */ = {isa = PBXFileReference; lastKnownFileType = sourcecode.swift; path = ChatRoomDBRepository.swift; sourceTree = "<group>"; };
		BCA0710C2E45CEA20089A2F5 /* ChatRoomObject.swift */ = {isa = PBXFileReference; lastKnownFileType = sourcecode.swift; path = ChatRoomObject.swift; sourceTree = "<group>"; };
		BCA071102E45D47D0089A2F5 /* ChatRoomService.swift */ = {isa = PBXFileReference; lastKnownFileType = sourcecode.swift; path = ChatRoomService.swift; sourceTree = "<group>"; };
		BCA071382E45E7580089A2F5 /* ChatView.swift */ = {isa = PBXFileReference; lastKnownFileType = sourcecode.swift; path = ChatView.swift; sourceTree = "<group>"; };
		BCA0713A2E45E7610089A2F5 /* SearchView.swift */ = {isa = PBXFileReference; lastKnownFileType = sourcecode.swift; path = SearchView.swift; sourceTree = "<group>"; };
		BCA071752E48C7D60089A2F5 /* ChatListViewModel.swift */ = {isa = PBXFileReference; lastKnownFileType = sourcecode.swift; path = ChatListViewModel.swift; sourceTree = "<group>"; };
		BCA0717F2E49B9170089A2F5 /* ChatViewModle.swift */ = {isa = PBXFileReference; lastKnownFileType = sourcecode.swift; path = ChatViewModle.swift; sourceTree = "<group>"; };
		BCA071872E49C2760089A2F5 /* Data+Extension.swift */ = {isa = PBXFileReference; lastKnownFileType = sourcecode.swift; path = "Data+Extension.swift"; sourceTree = "<group>"; };
		BCA071892E49CD210089A2F5 /* ChatItemView.swift */ = {isa = PBXFileReference; lastKnownFileType = sourcecode.swift; path = ChatItemView.swift; sourceTree = "<group>"; };
		BCA0718B2E49CD320089A2F5 /* ChatImteDirection.swift */ = {isa = PBXFileReference; lastKnownFileType = sourcecode.swift; path = ChatImteDirection.swift; sourceTree = "<group>"; };
		BCA0718D2E49DD050089A2F5 /* KeyboardToolbar.swift */ = {isa = PBXFileReference; lastKnownFileType = sourcecode.swift; path = KeyboardToolbar.swift; sourceTree = "<group>"; };
		BCA071C62E4C66B80089A2F5 /* ChatDBRepository.swift */ = {isa = PBXFileReference; lastKnownFileType = sourcecode.swift; path = ChatDBRepository.swift; sourceTree = "<group>"; };
		BCA071C82E4C68760089A2F5 /* ChatObject.swift */ = {isa = PBXFileReference; lastKnownFileType = sourcecode.swift; path = ChatObject.swift; sourceTree = "<group>"; };
		BCA071CA2E4C6BD00089A2F5 /* ChatService.swift */ = {isa = PBXFileReference; lastKnownFileType = sourcecode.swift; path = ChatService.swift; sourceTree = "<group>"; };
		BCA071CD2E4CE6440089A2F5 /* ChatImageItemView.swift */ = {isa = PBXFileReference; lastKnownFileType = sourcecode.swift; path = ChatImageItemView.swift; sourceTree = "<group>"; };
		BCBE85AA2E54097F008CFC35 /* SearchViewModel.swift */ = {isa = PBXFileReference; lastKnownFileType = sourcecode.swift; path = SearchViewModel.swift; sourceTree = "<group>"; };
		BCBE85AC2E5469C9008CFC35 /* SearchBar.swift */ = {isa = PBXFileReference; lastKnownFileType = sourcecode.swift; path = SearchBar.swift; sourceTree = "<group>"; };
		BCD46F272E3D043700EA85FE /* LMessenger.entitlements */ = {isa = PBXFileReference; lastKnownFileType = text.plist.entitlements; path = LMessenger.entitlements; sourceTree = "<group>"; };
		BCD78E662E5B5B52004EA26D /* SettingView.swift */ = {isa = PBXFileReference; lastKnownFileType = sourcecode.swift; path = SettingView.swift; sourceTree = "<group>"; };
		BCD78E672E5B5B52004EA26D /* SettingViewModel.swift */ = {isa = PBXFileReference; lastKnownFileType = sourcecode.swift; path = SettingViewModel.swift; sourceTree = "<group>"; };
		BCD78E682E5B5B52004EA26D /* SettingItem.swift */ = {isa = PBXFileReference; lastKnownFileType = sourcecode.swift; path = SettingItem.swift; sourceTree = "<group>"; };
		BCE180962E50597900C34A38 /* LMessengerRelease.entitlements */ = {isa = PBXFileReference; lastKnownFileType = text.plist.entitlements; path = LMessengerRelease.entitlements; sourceTree = "<group>"; };
		BCE180992E505F1200C34A38 /* PushNotificationService.swift */ = {isa = PBXFileReference; lastKnownFileType = sourcecode.swift; path = PushNotificationService.swift; sourceTree = "<group>"; };
		BCE1809D2E507C3600C34A38 /* PushNotificationProvider.swift */ = {isa = PBXFileReference; lastKnownFileType = sourcecode.swift; path = PushNotificationProvider.swift; sourceTree = "<group>"; };
		BCE1809F2E507D5500C34A38 /* PushObject.swift */ = {isa = PBXFileReference; lastKnownFileType = sourcecode.swift; path = PushObject.swift; sourceTree = "<group>"; };
		BCE1AF942E534627004114C3 /* GoogleService-Info.plist */ = {isa = PBXFileReference; lastKnownFileType = text.plist.xml; path = "GoogleService-Info.plist"; sourceTree = "<group>"; };
/* End PBXFileReference section */

/* Begin PBXFileSystemSynchronizedBuildFileExceptionSet section */
		BCAA73BD2E5CC801000DDABA /* PBXFileSystemSynchronizedBuildFileExceptionSet */ = {
			isa = PBXFileSystemSynchronizedBuildFileExceptionSet;
			membershipExceptions = (
				AppearanceController.swift,
				AppearanceType.swift,
			);
			target = 723ABD822AFFF1B800C260F1 /* LMessenger */;
		};
		BCAA73BE2E5CC801000DDABA /* PBXFileSystemSynchronizedBuildFileExceptionSet */ = {
			isa = PBXFileSystemSynchronizedBuildFileExceptionSet;
			membershipExceptions = (
				NavigationDestination.swift,
				NavigationRouter.swift,
			);
			target = 723ABD822AFFF1B800C260F1 /* LMessenger */;
		};
/* End PBXFileSystemSynchronizedBuildFileExceptionSet section */

/* Begin PBXFileSystemSynchronizedRootGroup section */
		BC20277C2DF60D8500B1CC27 /* General */ = {isa = PBXFileSystemSynchronizedRootGroup; explicitFileTypes = {}; explicitFolders = (); path = General; sourceTree = "<group>"; };
		BC219AC62E01A8E2001F282C /* Model */ = {isa = PBXFileSystemSynchronizedRootGroup; explicitFileTypes = {}; explicitFolders = (); path = Model; sourceTree = "<group>"; };
		BCAA73B02E5CC801000DDABA /* Appearance */ = {isa = PBXFileSystemSynchronizedRootGroup; exceptions = (BCAA73BD2E5CC801000DDABA /* PBXFileSystemSynchronizedBuildFileExceptionSet */, ); explicitFileTypes = {}; explicitFolders = (); path = Appearance; sourceTree = "<group>"; };
		BCAA73B42E5CC801000DDABA /* Navigation */ = {isa = PBXFileSystemSynchronizedRootGroup; exceptions = (BCAA73BE2E5CC801000DDABA /* PBXFileSystemSynchronizedBuildFileExceptionSet */, ); explicitFileTypes = {}; explicitFolders = (); path = Navigation; sourceTree = "<group>"; };
		BCAA73B62E5CC801000DDABA /* Search */ = {isa = PBXFileSystemSynchronizedRootGroup; explicitFileTypes = {}; explicitFolders = (); path = Search; sourceTree = "<group>"; };
		BCD46F2A2E3D087400EA85FE /* Util */ = {isa = PBXFileSystemSynchronizedRootGroup; explicitFileTypes = {}; explicitFolders = (); path = Util; sourceTree = "<group>"; };
/* End PBXFileSystemSynchronizedRootGroup section */

/* Begin PBXFrameworksBuildPhase section */
		723ABD802AFFF1B800C260F1 /* Frameworks */ = {
			isa = PBXFrameworksBuildPhase;
			buildActionMask = 2147483647;
			files = (
				BCE180982E505AF200C34A38 /* FirebaseMessaging in Frameworks */,
				BC8992B82E3DFD71009E65CA /* FirebaseDatabase in Frameworks */,
				BC9EF0992E432F2700725CD1 /* FirebaseStorage in Frameworks */,
				BC9EF09B2E432F2700725CD1 /* FirebaseStorageCombine-Community in Frameworks */,
				BC0C65282E0160AF0052D0C1 /* FirebaseAuth in Frameworks */,
				BC219AC32E019DF3001F282C /* GoogleSignIn in Frameworks */,
			);
			runOnlyForDeploymentPostprocessing = 0;
		};
		723ABD902AFFF1B900C260F1 /* Frameworks */ = {
			isa = PBXFrameworksBuildPhase;
			buildActionMask = 2147483647;
			files = (
				BC4C285E2E5C246D005977D9 /* FirebaseMessaging in Frameworks */,
				BC4C28602E5C246D005977D9 /* FirebaseStorage in Frameworks */,
				BC4C28622E5C246D005977D9 /* FirebaseStorageCombine-Community in Frameworks */,
				BC4C285C2E5C246D005977D9 /* FirebaseDatabase in Frameworks */,
				BC4C285A2E5C246D005977D9 /* FirebaseAuth in Frameworks */,
				BC4C28642E5C246D005977D9 /* GoogleSignIn in Frameworks */,
			);
			runOnlyForDeploymentPostprocessing = 0;
		};
/* End PBXFrameworksBuildPhase section */

/* Begin PBXGroup section */
		723ABD7A2AFFF1B800C260F1 = {
			isa = PBXGroup;
			children = (
				723ABD852AFFF1B800C260F1 /* LMessenger */,
				723ABD962AFFF1B900C260F1 /* LMessengerTests */,
				BC8992B62E3DFD71009E65CA /* Frameworks */,
				723ABD842AFFF1B800C260F1 /* Products */,
			);
			sourceTree = "<group>";
		};
		723ABD842AFFF1B800C260F1 /* Products */ = {
			isa = PBXGroup;
			children = (
				723ABD832AFFF1B800C260F1 /* LMessenger.app */,
				723ABD932AFFF1B900C260F1 /* LMessengerTests.xctest */,
			);
			name = Products;
			sourceTree = "<group>";
		};
		723ABD852AFFF1B800C260F1 /* LMessenger */ = {
			isa = PBXGroup;
			children = (
				BCE180962E50597900C34A38 /* LMessengerRelease.entitlements */,
				BCD46F272E3D043700EA85FE /* LMessenger.entitlements */,
				BC0C65292E0160EA0052D0C1 /* AppDelegate.swift */,
				723ABD862AFFF1B800C260F1 /* LMessengerApp.swift */,
				BC20277C2DF60D8500B1CC27 /* General */,
				BCA071172E45DD7B0089A2F5 /* Dependency */,
				BCA070772E437DD80089A2F5 /* DIContainer.swift */,
				BC7966C42E3DE3ED00F1FB81 /* View */,
				BC219AC62E01A8E2001F282C /* Model */,
				BCA070892E43B04E0089A2F5 /* Service */,
				BC8992DA2E3F894C009E65CA /* Repository */,
				BCD46F2A2E3D087400EA85FE /* Util */,
				72E4BEFA2B00B871007A1060 /* Extension */,
				BCA0707C2E43AB390089A2F5 /* Provider */,
				BC8992E12E3F8B4F009E65CA /* DTO */,
				723ABDB02AFFF1D800C260F1 /* Resource */,
				723ABD8C2AFFF1B900C260F1 /* Preview Content */,
				BC0C652D2E0162B60052D0C1 /* Info.plist */,
				BCE1AF942E534627004114C3 /* GoogleService-Info.plist */,
			);
			path = LMessenger;
			sourceTree = "<group>";
		};
		723ABD8C2AFFF1B900C260F1 /* Preview Content */ = {
			isa = PBXGroup;
			children = (
				723ABD8D2AFFF1B900C260F1 /* Preview Assets.xcassets */,
			);
			path = "Preview Content";
			sourceTree = "<group>";
		};
		723ABD962AFFF1B900C260F1 /* LMessengerTests */ = {
			isa = PBXGroup;
			children = (
				723ABD972AFFF1B900C260F1 /* LMessengerTests.swift */,
			);
			path = LMessengerTests;
			sourceTree = "<group>";
		};
		723ABDB02AFFF1D800C260F1 /* Resource */ = {
			isa = PBXGroup;
			children = (
				BC20277A2DF60B6200B1CC27 /* LaunchScreen.storyboard */,
				723ABD8A2AFFF1B900C260F1 /* Assets.xcassets */,
				723ABDB12AFFF1F000C260F1 /* Colors.xcassets */,
				BC02BA8B2E55749000B7AD5B /* Search.xcdatamodeld */,
			);
			path = Resource;
			sourceTree = "<group>";
		};
		72E4BEFA2B00B871007A1060 /* Extension */ = {
			isa = PBXGroup;
			children = (
				BCA071872E49C2760089A2F5 /* Data+Extension.swift */,
				72E4BEFB2B00B871007A1060 /* Color+Extension.swift */,
			);
			path = Extension;
			sourceTree = "<group>";
		};
		BC7966BC2E3DE3ED00F1FB81 /* Authtencation */ = {
			isa = PBXGroup;
			children = (
				BC7966BA2E3DE3ED00F1FB81 /* AuthenticatedView.swift */,
				BC7966BB2E3DE3ED00F1FB81 /* AuthenticatedViewModel.swift */,
			);
			path = Authtencation;
			sourceTree = "<group>";
		};
		BC7966C02E3DE3ED00F1FB81 /* Login */ = {
			isa = PBXGroup;
			children = (
				BC7966BD2E3DE3ED00F1FB81 /* LoginButtonStyle.swift */,
				BC7966BE2E3DE3ED00F1FB81 /* LoginIntroView.swift */,
				BC7966BF2E3DE3ED00F1FB81 /* LoginView.swift */,
			);
			path = Login;
			sourceTree = "<group>";
		};
		BC7966C32E3DE3ED00F1FB81 /* MainTab */ = {
			isa = PBXGroup;
			children = (
				BC7966C12E3DE3ED00F1FB81 /* MainTabType.swift */,
				BC7966C22E3DE3ED00F1FB81 /* MainTabView.swift */,
			);
			path = MainTab;
			sourceTree = "<group>";
		};
		BC7966C42E3DE3ED00F1FB81 /* View */ = {
			isa = PBXGroup;
			children = (
				BC7966BC2E3DE3ED00F1FB81 /* Authtencation */,
				BC7966C02E3DE3ED00F1FB81 /* Login */,
				BC7966C32E3DE3ED00F1FB81 /* MainTab */,
				BC7966CC2E3DE3F100F1FB81 /* Home */,
				BC7966CD2E3DE3F900F1FB81 /* ChatList */,
				BCA071262E45E6C90089A2F5 /* Chat */,
				BCA0712B2E45E6C90089A2F5 /* Search */,
				BC7FEC9F2E40F16100E43050 /* Profile */,
				BCD78E692E5B5B52004EA26D /* Setting */,
			);
			path = View;
			sourceTree = "<group>";
		};
		BC7966CC2E3DE3F100F1FB81 /* Home */ = {
			isa = PBXGroup;
			children = (
				BC7FEC9D2E40F05200E43050 /* HomeModalDestination.swift */,
				BC7966CE2E3DE40A00F1FB81 /* HomeView.swift */,
				BC7966D52E3DE8A700F1FB81 /* HomeViewModel.swift */,
			);
			path = Home;
			sourceTree = "<group>";
		};
		BC7966CD2E3DE3F900F1FB81 /* ChatList */ = {
			isa = PBXGroup;
			children = (
				BCA071752E48C7D60089A2F5 /* ChatListViewModel.swift */,
				BC7966D02E3DE41100F1FB81 /* ChatListView.swift */,
			);
			path = ChatList;
			sourceTree = "<group>";
		};
		BC7FEC9F2E40F16100E43050 /* Profile */ = {
			isa = PBXGroup;
			children = (
				BCA071042E45CA7E0089A2F5 /* MyProfile */,
				BCA071052E45CA8B0089A2F5 /* OtherProfile */,
			);
			path = Profile;
			sourceTree = "<group>";
		};
		BC8992B62E3DFD71009E65CA /* Frameworks */ = {
			isa = PBXGroup;
			children = (
			);
			name = Frameworks;
			sourceTree = "<group>";
		};
		BC8992DA2E3F894C009E65CA /* Repository */ = {
			isa = PBXGroup;
			children = (
				BCA071C62E4C66B80089A2F5 /* ChatDBRepository.swift */,
				BC8992DB2E3F8970009E65CA /* UserDBRepository.swift */,
				BC8992E42E3F8BDE009E65CA /* DBError.swift */,
				BCA0710A2E45CE050089A2F5 /* ChatRoomDBRepository.swift */,
			);
			path = Repository;
			sourceTree = "<group>";
		};
		BC8992E12E3F8B4F009E65CA /* DTO */ = {
			isa = PBXGroup;
			children = (
				BCE1809F2E507D5500C34A38 /* PushObject.swift */,
				BCA071C82E4C68760089A2F5 /* ChatObject.swift */,
				BCA0710C2E45CEA20089A2F5 /* ChatRoomObject.swift */,
				BC8992E22E3F8B5C009E65CA /* UserObject.swift */,
			);
			path = DTO;
			sourceTree = "<group>";
		};
		BCA0707C2E43AB390089A2F5 /* Provider */ = {
			isa = PBXGroup;
			children = (
				BCE1809D2E507C3600C34A38 /* PushNotificationProvider.swift */,
				BCA0707E2E43AB640089A2F5 /* UploadProvider.swift */,
			);
			path = Provider;
			sourceTree = "<group>";
		};
		BCA070892E43B04E0089A2F5 /* Service */ = {
			isa = PBXGroup;
			children = (
				BCA070C82E4478850089A2F5 /* ImageCache */,
				BCA0708F2E43B06D0089A2F5 /* Upload */,
				BCA070992E43B9CE0089A2F5 /* PhotoPicker */,
				BCA070872E43B04E0089A2F5 /* Services.swift */,
				BCA070842E43B04E0089A2F5 /* AuthenticationService.swift */,
				BCA070852E43B04E0089A2F5 /* ContactService.swift */,
				BCA070862E43B04E0089A2F5 /* ServiceError.swift */,
				BCA071102E45D47D0089A2F5 /* ChatRoomService.swift */,
				BCA070882E43B04E0089A2F5 /* UserService.swift */,
				BCA071CA2E4C6BD00089A2F5 /* ChatService.swift */,
				BCE180992E505F1200C34A38 /* PushNotificationService.swift */,
			);
			path = Service;
			sourceTree = "<group>";
		};
		BCA0708F2E43B06D0089A2F5 /* Upload */ = {
			isa = PBXGroup;
			children = (
				BCA070942E43B0A80089A2F5 /* UploadSourceType.swift */,
				BCA070922E43B0940089A2F5 /* UploadService.swift */,
			);
			path = Upload;
			sourceTree = "<group>";
		};
		BCA070992E43B9CE0089A2F5 /* PhotoPicker */ = {
			isa = PBXGroup;
			children = (
				BCA0709A2E43B9E30089A2F5 /* PhotoImage.swift */,
				BCA070972E43B83B0089A2F5 /* PhotoPickerService.swift */,
			);
			path = PhotoPicker;
			sourceTree = "<group>";
		};
		BCA070C82E4478850089A2F5 /* ImageCache */ = {
			isa = PBXGroup;
			children = (
				BCA070CD2E4485530089A2F5 /* DiskStorage.swift */,
				BCA070CB2E44789F0089A2F5 /* MemoryStorage.swift */,
				BCA070C62E4476BB0089A2F5 /* ImageCacheService.swift */,
			);
			path = ImageCache;
			sourceTree = "<group>";
		};
		BCA071042E45CA7E0089A2F5 /* MyProfile */ = {
			isa = PBXGroup;
			children = (
				BC9EF0962E43248700725CD1 /* MyProfileDescEditView.swift */,
				BC9EF0942E43195600725CD1 /* MyProfileMenuType.swift */,
				BC71B3C92E4313C7004A3C61 /* MyprofilleViewModel.swift */,
				BC7FECA02E40F17100E43050 /* MyProfileView.swift */,
			);
			path = MyProfile;
			sourceTree = "<group>";
		};
		BCA071052E45CA8B0089A2F5 /* OtherProfile */ = {
			isa = PBXGroup;
			children = (
				BCA071082E45CC890089A2F5 /* OtherProfileMenuType.swift */,
				BCA071062E45CAB50089A2F5 /* OtherProfileViewModel.swift */,
				BC7FECA22E40F19400E43050 /* OtherProfileView.swift */,
			);
			path = OtherProfile;
			sourceTree = "<group>";
		};
		BCA071172E45DD7B0089A2F5 /* Dependency */ = {
			isa = PBXGroup;
			children = (
				BCAA73B42E5CC801000DDABA /* Navigation */,
				BCAA73B62E5CC801000DDABA /* Search */,
				BCAA73B02E5CC801000DDABA /* Appearance */,
			);
			path = Dependency;
			sourceTree = "<group>";
		};
		BCA071262E45E6C90089A2F5 /* Chat */ = {
			isa = PBXGroup;
			children = (
				BCA071CC2E4CE6200089A2F5 /* SubView */,
				BCA0717F2E49B9170089A2F5 /* ChatViewModle.swift */,
				BCA071382E45E7580089A2F5 /* ChatView.swift */,
			);
			path = Chat;
			sourceTree = "<group>";
		};
		BCA0712B2E45E6C90089A2F5 /* Search */ = {
			isa = PBXGroup;
			children = (
				BC02BAA12E55C3FE00B7AD5B /* RecentSearchView.swift */,
				BCBE85AC2E5469C9008CFC35 /* SearchBar.swift */,
				BCBE85AA2E54097F008CFC35 /* SearchViewModel.swift */,
				BCA0713A2E45E7610089A2F5 /* SearchView.swift */,
			);
			path = Search;
			sourceTree = "<group>";
		};
		BCA071CC2E4CE6200089A2F5 /* SubView */ = {
			isa = PBXGroup;
			children = (
				BCA071CD2E4CE6440089A2F5 /* ChatImageItemView.swift */,
				BCA0718D2E49DD050089A2F5 /* KeyboardToolbar.swift */,
				BCA0718B2E49CD320089A2F5 /* ChatImteDirection.swift */,
				BCA071892E49CD210089A2F5 /* ChatItemView.swift */,
			);
			path = SubView;
			sourceTree = "<group>";
		};
		BCD78E692E5B5B52004EA26D /* Setting */ = {
			isa = PBXGroup;
			children = (
				BCD78E662E5B5B52004EA26D /* SettingView.swift */,
				BCD78E672E5B5B52004EA26D /* SettingViewModel.swift */,
				BCD78E682E5B5B52004EA26D /* SettingItem.swift */,
			);
			path = Setting;
			sourceTree = "<group>";
		};
/* End PBXGroup section */

/* Begin PBXNativeTarget section */
		723ABD822AFFF1B800C260F1 /* LMessenger */ = {
			isa = PBXNativeTarget;
			buildConfigurationList = 723ABDA72AFFF1B900C260F1 /* Build configuration list for PBXNativeTarget "LMessenger" */;
			buildPhases = (
				723ABD7F2AFFF1B800C260F1 /* Sources */,
				723ABD802AFFF1B800C260F1 /* Frameworks */,
				723ABD812AFFF1B800C260F1 /* Resources */,
			);
			buildRules = (
			);
			dependencies = (
			);
			fileSystemSynchronizedGroups = (
				BC20277C2DF60D8500B1CC27 /* General */,
				BC219AC62E01A8E2001F282C /* Model */,
				BCAA73B62E5CC801000DDABA /* Search */,
				BCD46F2A2E3D087400EA85FE /* Util */,
			);
			name = LMessenger;
			productName = LMessenger;
			productReference = 723ABD832AFFF1B800C260F1 /* LMessenger.app */;
			productType = "com.apple.product-type.application";
		};
		723ABD922AFFF1B900C260F1 /* LMessengerTests */ = {
			isa = PBXNativeTarget;
			buildConfigurationList = 723ABDAA2AFFF1B900C260F1 /* Build configuration list for PBXNativeTarget "LMessengerTests" */;
			buildPhases = (
				723ABD8F2AFFF1B900C260F1 /* Sources */,
				723ABD902AFFF1B900C260F1 /* Frameworks */,
				723ABD912AFFF1B900C260F1 /* Resources */,
			);
			buildRules = (
			);
			dependencies = (
				723ABD952AFFF1B900C260F1 /* PBXTargetDependency */,
			);
			name = LMessengerTests;
			productName = LMessengerTests;
			productReference = 723ABD932AFFF1B900C260F1 /* LMessengerTests.xctest */;
			productType = "com.apple.product-type.bundle.unit-test";
		};
/* End PBXNativeTarget section */

/* Begin PBXProject section */
		723ABD7B2AFFF1B800C260F1 /* Project object */ = {
			isa = PBXProject;
			attributes = {
				BuildIndependentTargetsInParallel = 1;
				LastSwiftUpdateCheck = 1430;
				LastUpgradeCheck = 2600;
				TargetAttributes = {
					723ABD822AFFF1B800C260F1 = {
						CreatedOnToolsVersion = 14.3;
					};
					723ABD922AFFF1B900C260F1 = {
						CreatedOnToolsVersion = 14.3;
						TestTargetID = 723ABD822AFFF1B800C260F1;
					};
				};
			};
			buildConfigurationList = 723ABD7E2AFFF1B800C260F1 /* Build configuration list for PBXProject "LMessenger" */;
			compatibilityVersion = "Xcode 14.0";
			developmentRegion = en;
			hasScannedForEncodings = 0;
			knownRegions = (
				en,
				Base,
			);
			mainGroup = 723ABD7A2AFFF1B800C260F1;
			packageReferences = (
				BC0C65262E0160AF0052D0C1 /* XCRemoteSwiftPackageReference "firebase-ios-sdk" */,
				BC219AC12E019DF3001F282C /* XCRemoteSwiftPackageReference "GoogleSignIn-iOS" */,
			);
			productRefGroup = 723ABD842AFFF1B800C260F1 /* Products */;
			projectDirPath = "";
			projectRoot = "";
			targets = (
				723ABD822AFFF1B800C260F1 /* LMessenger */,
				723ABD922AFFF1B900C260F1 /* LMessengerTests */,
			);
		};
/* End PBXProject section */

/* Begin PBXResourcesBuildPhase section */
		723ABD812AFFF1B800C260F1 /* Resources */ = {
			isa = PBXResourcesBuildPhase;
			buildActionMask = 2147483647;
			files = (
				723ABDB22AFFF1F000C260F1 /* Colors.xcassets in Resources */,
				BCE1AF952E534627004114C3 /* GoogleService-Info.plist in Resources */,
				BC20277B2DF60B6200B1CC27 /* LaunchScreen.storyboard in Resources */,
				723ABD8E2AFFF1B900C260F1 /* Preview Assets.xcassets in Resources */,
				723ABD8B2AFFF1B900C260F1 /* Assets.xcassets in Resources */,
			);
			runOnlyForDeploymentPostprocessing = 0;
		};
		723ABD912AFFF1B900C260F1 /* Resources */ = {
			isa = PBXResourcesBuildPhase;
			buildActionMask = 2147483647;
			files = (
			);
			runOnlyForDeploymentPostprocessing = 0;
		};
/* End PBXResourcesBuildPhase section */

/* Begin PBXSourcesBuildPhase section */
		723ABD7F2AFFF1B800C260F1 /* Sources */ = {
			isa = PBXSourcesBuildPhase;
			buildActionMask = 2147483647;
			files = (
				BC8992E52E3F8BE4009E65CA /* DBError.swift in Sources */,
				BCA0713B2E45E7690089A2F5 /* SearchView.swift in Sources */,
				BC7966C52E3DE3ED00F1FB81 /* AuthenticatedView.swift in Sources */,
				BC8992E32E3F8B66009E65CA /* UserObject.swift in Sources */,
				BCBE85AB2E540990008CFC35 /* SearchViewModel.swift in Sources */,
				BCA071392E45E75D0089A2F5 /* ChatView.swift in Sources */,
				BCA071802E49B9180089A2F5 /* ChatViewModle.swift in Sources */,
				BCA0708A2E43B04E0089A2F5 /* AuthenticationService.swift in Sources */,
				BCA071882E49C2800089A2F5 /* Data+Extension.swift in Sources */,
				BCA0708B2E43B04E0089A2F5 /* Services.swift in Sources */,
				BCA0708C2E43B04E0089A2F5 /* ContactService.swift in Sources */,
				BCA071CE2E4CE6560089A2F5 /* ChatImageItemView.swift in Sources */,
				BCA0708D2E43B04E0089A2F5 /* UserService.swift in Sources */,
				BCA0708E2E43B04E0089A2F5 /* ServiceError.swift in Sources */,
				BCA071C92E4C687D0089A2F5 /* ChatObject.swift in Sources */,
				BC7966C62E3DE3ED00F1FB81 /* AuthenticatedViewModel.swift in Sources */,
				BC7FEC9E2E40F06000E43050 /* HomeModalDestination.swift in Sources */,
				BCA070982E43B84A0089A2F5 /* PhotoPickerService.swift in Sources */,
				BC71B3CA2E4313D0004A3C61 /* MyprofilleViewModel.swift in Sources */,
				BCA070C72E4476D40089A2F5 /* ImageCacheService.swift in Sources */,
				BC7966C72E3DE3ED00F1FB81 /* LoginButtonStyle.swift in Sources */,
				BC02BA8D2E55749000B7AD5B /* Search.xcdatamodeld in Sources */,
				BCA0710B2E45CE050089A2F5 /* ChatRoomDBRepository.swift in Sources */,
				BCA0718A2E49CD2A0089A2F5 /* ChatItemView.swift in Sources */,
				BCA0707F2E43AB6F0089A2F5 /* UploadProvider.swift in Sources */,
				BCA071072E45CABD0089A2F5 /* OtherProfileViewModel.swift in Sources */,
				BCA0718E2E49DD140089A2F5 /* KeyboardToolbar.swift in Sources */,
				BCA070CE2E4485630089A2F5 /* DiskStorage.swift in Sources */,
				BC7966D62E3DE8AE00F1FB81 /* HomeViewModel.swift in Sources */,
				BC8992DC2E3F897C009E65CA /* UserDBRepository.swift in Sources */,
				BC02BAA22E55C3FE00B7AD5B /* RecentSearchView.swift in Sources */,
				BC7966C82E3DE3ED00F1FB81 /* LoginIntroView.swift in Sources */,
				BC7966C92E3DE3ED00F1FB81 /* LoginView.swift in Sources */,
				BCA070932E43B0A40089A2F5 /* UploadService.swift in Sources */,
				BCBE85AD2E5469D7008CFC35 /* SearchBar.swift in Sources */,
				BC7966CA2E3DE3ED00F1FB81 /* MainTabType.swift in Sources */,
				BCE1809E2E507C3600C34A38 /* PushNotificationProvider.swift in Sources */,
				BC7966CB2E3DE3ED00F1FB81 /* MainTabView.swift in Sources */,
				BC7966D12E3DE41500F1FB81 /* ChatListView.swift in Sources */,
				BCE1809A2E505F1200C34A38 /* PushNotificationService.swift in Sources */,
				BC7966CF2E3DE40D00F1FB81 /* HomeView.swift in Sources */,
				BCE180A02E507D5500C34A38 /* PushObject.swift in Sources */,
				BCA071092E45CC8B0089A2F5 /* OtherProfileMenuType.swift in Sources */,
				72E4BEFC2B00B871007A1060 /* Color+Extension.swift in Sources */,
				BC0C652A2E0160ED0052D0C1 /* AppDelegate.swift in Sources */,
				723ABD872AFFF1B800C260F1 /* LMessengerApp.swift in Sources */,
				BCA071C72E4C66C80089A2F5 /* ChatDBRepository.swift in Sources */,
				BCA070CC2E4478A60089A2F5 /* MemoryStorage.swift in Sources */,
				BCA0707A2E437DD80089A2F5 /* DIContainer.swift in Sources */,
				BCA0710D2E45CEB00089A2F5 /* ChatRoomObject.swift in Sources */,
				BCA070952E43B0B30089A2F5 /* UploadSourceType.swift in Sources */,
				BC7FECA12E40F17900E43050 /* MyProfileView.swift in Sources */,
				BCA0709B2E43B9EA0089A2F5 /* PhotoImage.swift in Sources */,
				BC9EF0972E43249200725CD1 /* MyProfileDescEditView.swift in Sources */,
				BCA0718C2E49CD4A0089A2F5 /* ChatImteDirection.swift in Sources */,
				BCA071CB2E4C6BDB0089A2F5 /* ChatService.swift in Sources */,
				BCA071112E45D4870089A2F5 /* ChatRoomService.swift in Sources */,
				BC9EF0952E43195F00725CD1 /* MyProfileMenuType.swift in Sources */,
				BC7FECA32E40F19C00E43050 /* OtherProfileView.swift in Sources */,
				BCA071762E48C7E10089A2F5 /* ChatListViewModel.swift in Sources */,
				BCD78E6A2E5B5B52004EA26D /* SettingView.swift in Sources */,
				BCD78E6B2E5B5B52004EA26D /* SettingViewModel.swift in Sources */,
				BCD78E6C2E5B5B52004EA26D /* SettingItem.swift in Sources */,
			);
			runOnlyForDeploymentPostprocessing = 0;
		};
		723ABD8F2AFFF1B900C260F1 /* Sources */ = {
			isa = PBXSourcesBuildPhase;
			buildActionMask = 2147483647;
			files = (
				BC4C286A2E5C2805005977D9 /* UserDBRepository.swift in Sources */,
				723ABD982AFFF1B900C260F1 /* LMessengerTests.swift in Sources */,
			);
			runOnlyForDeploymentPostprocessing = 0;
		};
/* End PBXSourcesBuildPhase section */

/* Begin PBXTargetDependency section */
		723ABD952AFFF1B900C260F1 /* PBXTargetDependency */ = {
			isa = PBXTargetDependency;
			target = 723ABD822AFFF1B800C260F1 /* LMessenger */;
			targetProxy = 723ABD942AFFF1B900C260F1 /* PBXContainerItemProxy */;
		};
/* End PBXTargetDependency section */

/* Begin XCBuildConfiguration section */
		723ABDA52AFFF1B900C260F1 /* Debug */ = {
			isa = XCBuildConfiguration;
			buildSettings = {
				ALWAYS_SEARCH_USER_PATHS = NO;
				CLANG_ANALYZER_NONNULL = YES;
				CLANG_ANALYZER_NUMBER_OBJECT_CONVERSION = YES_AGGRESSIVE;
				CLANG_CXX_LANGUAGE_STANDARD = "gnu++20";
				CLANG_ENABLE_MODULES = YES;
				CLANG_ENABLE_OBJC_ARC = YES;
				CLANG_ENABLE_OBJC_WEAK = YES;
				CLANG_WARN_BLOCK_CAPTURE_AUTORELEASING = YES;
				CLANG_WARN_BOOL_CONVERSION = YES;
				CLANG_WARN_COMMA = YES;
				CLANG_WARN_CONSTANT_CONVERSION = YES;
				CLANG_WARN_DEPRECATED_OBJC_IMPLEMENTATIONS = YES;
				CLANG_WARN_DIRECT_OBJC_ISA_USAGE = YES_ERROR;
				CLANG_WARN_DOCUMENTATION_COMMENTS = YES;
				CLANG_WARN_EMPTY_BODY = YES;
				CLANG_WARN_ENUM_CONVERSION = YES;
				CLANG_WARN_INFINITE_RECURSION = YES;
				CLANG_WARN_INT_CONVERSION = YES;
				CLANG_WARN_NON_LITERAL_NULL_CONVERSION = YES;
				CLANG_WARN_OBJC_IMPLICIT_RETAIN_SELF = YES;
				CLANG_WARN_OBJC_LITERAL_CONVERSION = YES;
				CLANG_WARN_OBJC_ROOT_CLASS = YES_ERROR;
				CLANG_WARN_QUOTED_INCLUDE_IN_FRAMEWORK_HEADER = YES;
				CLANG_WARN_RANGE_LOOP_ANALYSIS = YES;
				CLANG_WARN_STRICT_PROTOTYPES = YES;
				CLANG_WARN_SUSPICIOUS_MOVE = YES;
				CLANG_WARN_UNGUARDED_AVAILABILITY = YES_AGGRESSIVE;
				CLANG_WARN_UNREACHABLE_CODE = YES;
				CLANG_WARN__DUPLICATE_METHOD_MATCH = YES;
				COPY_PHASE_STRIP = NO;
				DEBUG_INFORMATION_FORMAT = dwarf;
				ENABLE_STRICT_OBJC_MSGSEND = YES;
				ENABLE_TESTABILITY = YES;
				ENABLE_USER_SCRIPT_SANDBOXING = YES;
				GCC_C_LANGUAGE_STANDARD = gnu11;
				GCC_DYNAMIC_NO_PIC = NO;
				GCC_NO_COMMON_BLOCKS = YES;
				GCC_OPTIMIZATION_LEVEL = 0;
				GCC_PREPROCESSOR_DEFINITIONS = (
					"DEBUG=1",
					"$(inherited)",
				);
				GCC_WARN_64_TO_32_BIT_CONVERSION = YES;
				GCC_WARN_ABOUT_RETURN_TYPE = YES_ERROR;
				GCC_WARN_UNDECLARED_SELECTOR = YES;
				GCC_WARN_UNINITIALIZED_AUTOS = YES_AGGRESSIVE;
				GCC_WARN_UNUSED_FUNCTION = YES;
				GCC_WARN_UNUSED_VARIABLE = YES;
				IPHONEOS_DEPLOYMENT_TARGET = 16.4;
				MTL_ENABLE_DEBUG_INFO = INCLUDE_SOURCE;
				MTL_FAST_MATH = YES;
				ONLY_ACTIVE_ARCH = YES;
				SDKROOT = iphoneos;
				STRING_CATALOG_GENERATE_SYMBOLS = YES;
				SWIFT_ACTIVE_COMPILATION_CONDITIONS = DEBUG;
				SWIFT_OPTIMIZATION_LEVEL = "-Onone";
			};
			name = Debug;
		};
		723ABDA62AFFF1B900C260F1 /* Release */ = {
			isa = XCBuildConfiguration;
			buildSettings = {
				ALWAYS_SEARCH_USER_PATHS = NO;
				CLANG_ANALYZER_NONNULL = YES;
				CLANG_ANALYZER_NUMBER_OBJECT_CONVERSION = YES_AGGRESSIVE;
				CLANG_CXX_LANGUAGE_STANDARD = "gnu++20";
				CLANG_ENABLE_MODULES = YES;
				CLANG_ENABLE_OBJC_ARC = YES;
				CLANG_ENABLE_OBJC_WEAK = YES;
				CLANG_WARN_BLOCK_CAPTURE_AUTORELEASING = YES;
				CLANG_WARN_BOOL_CONVERSION = YES;
				CLANG_WARN_COMMA = YES;
				CLANG_WARN_CONSTANT_CONVERSION = YES;
				CLANG_WARN_DEPRECATED_OBJC_IMPLEMENTATIONS = YES;
				CLANG_WARN_DIRECT_OBJC_ISA_USAGE = YES_ERROR;
				CLANG_WARN_DOCUMENTATION_COMMENTS = YES;
				CLANG_WARN_EMPTY_BODY = YES;
				CLANG_WARN_ENUM_CONVERSION = YES;
				CLANG_WARN_INFINITE_RECURSION = YES;
				CLANG_WARN_INT_CONVERSION = YES;
				CLANG_WARN_NON_LITERAL_NULL_CONVERSION = YES;
				CLANG_WARN_OBJC_IMPLICIT_RETAIN_SELF = YES;
				CLANG_WARN_OBJC_LITERAL_CONVERSION = YES;
				CLANG_WARN_OBJC_ROOT_CLASS = YES_ERROR;
				CLANG_WARN_QUOTED_INCLUDE_IN_FRAMEWORK_HEADER = YES;
				CLANG_WARN_RANGE_LOOP_ANALYSIS = YES;
				CLANG_WARN_STRICT_PROTOTYPES = YES;
				CLANG_WARN_SUSPICIOUS_MOVE = YES;
				CLANG_WARN_UNGUARDED_AVAILABILITY = YES_AGGRESSIVE;
				CLANG_WARN_UNREACHABLE_CODE = YES;
				CLANG_WARN__DUPLICATE_METHOD_MATCH = YES;
				COPY_PHASE_STRIP = NO;
				DEBUG_INFORMATION_FORMAT = "dwarf-with-dsym";
				ENABLE_NS_ASSERTIONS = NO;
				ENABLE_STRICT_OBJC_MSGSEND = YES;
				ENABLE_USER_SCRIPT_SANDBOXING = YES;
				GCC_C_LANGUAGE_STANDARD = gnu11;
				GCC_NO_COMMON_BLOCKS = YES;
				GCC_WARN_64_TO_32_BIT_CONVERSION = YES;
				GCC_WARN_ABOUT_RETURN_TYPE = YES_ERROR;
				GCC_WARN_UNDECLARED_SELECTOR = YES;
				GCC_WARN_UNINITIALIZED_AUTOS = YES_AGGRESSIVE;
				GCC_WARN_UNUSED_FUNCTION = YES;
				GCC_WARN_UNUSED_VARIABLE = YES;
				IPHONEOS_DEPLOYMENT_TARGET = 16.4;
				MTL_ENABLE_DEBUG_INFO = NO;
				MTL_FAST_MATH = YES;
				SDKROOT = iphoneos;
				STRING_CATALOG_GENERATE_SYMBOLS = YES;
				SWIFT_COMPILATION_MODE = wholemodule;
				SWIFT_OPTIMIZATION_LEVEL = "-O";
				VALIDATE_PRODUCT = YES;
			};
			name = Release;
		};
		723ABDA82AFFF1B900C260F1 /* Debug */ = {
			isa = XCBuildConfiguration;
			buildSettings = {
				ASSETCATALOG_COMPILER_APPICON_NAME = AppIcon;
				ASSETCATALOG_COMPILER_GLOBAL_ACCENT_COLOR_NAME = AccentColor;
				CODE_SIGN_ENTITLEMENTS = LMessenger/LMessenger.entitlements;
				CODE_SIGN_STYLE = Automatic;
				CURRENT_PROJECT_VERSION = 1;
				DEVELOPMENT_ASSET_PATHS = "\"LMessenger/Preview Content\"";
				DEVELOPMENT_TEAM = QLF22M2925;
				ENABLE_PREVIEWS = YES;
				GENERATE_INFOPLIST_FILE = YES;
				INFOPLIST_FILE = LMessenger/Info.plist;
				INFOPLIST_KEY_NSContactsUsageDescription = "친구 목록을 가져옵니다.";
				INFOPLIST_KEY_NSPhotoLibraryUsageDescription = "이미지를 가져옵니다.";
				INFOPLIST_KEY_UIApplicationSceneManifest_Generation = YES;
				INFOPLIST_KEY_UIApplicationSupportsIndirectInputEvents = YES;
				INFOPLIST_KEY_UILaunchStoryboardName = LaunchScreen;
				INFOPLIST_KEY_UISupportedInterfaceOrientations_iPad = "UIInterfaceOrientationPortrait UIInterfaceOrientationPortraitUpsideDown UIInterfaceOrientationLandscapeLeft UIInterfaceOrientationLandscapeRight";
				INFOPLIST_KEY_UISupportedInterfaceOrientations_iPhone = "UIInterfaceOrientationPortrait UIInterfaceOrientationLandscapeLeft UIInterfaceOrientationLandscapeRight";
				IPHONEOS_DEPLOYMENT_TARGET = 26.0;
				LD_RUNPATH_SEARCH_PATHS = (
					"$(inherited)",
					"@executable_path/Frameworks",
				);
				MARKETING_VERSION = 1.0;
				OTHER_LDFLAGS = "";
				PRODUCT_BUNDLE_IDENTIFIER = com.eunchankim.LMessenger;
				PRODUCT_NAME = "$(TARGET_NAME)";
				SWIFT_EMIT_LOC_STRINGS = YES;
				SWIFT_VERSION = 5.0;
				TARGETED_DEVICE_FAMILY = "1,2";
			};
			name = Debug;
		};
		723ABDA92AFFF1B900C260F1 /* Release */ = {
			isa = XCBuildConfiguration;
			buildSettings = {
				ASSETCATALOG_COMPILER_APPICON_NAME = AppIcon;
				ASSETCATALOG_COMPILER_GLOBAL_ACCENT_COLOR_NAME = AccentColor;
				CODE_SIGN_ENTITLEMENTS = LMessenger/LMessengerRelease.entitlements;
				CODE_SIGN_STYLE = Automatic;
				CURRENT_PROJECT_VERSION = 1;
				DEVELOPMENT_ASSET_PATHS = "\"LMessenger/Preview Content\"";
				DEVELOPMENT_TEAM = QLF22M2925;
				ENABLE_PREVIEWS = YES;
				GENERATE_INFOPLIST_FILE = YES;
				INFOPLIST_FILE = LMessenger/Info.plist;
				INFOPLIST_KEY_NSContactsUsageDescription = "친구 목록을 가져옵니다.";
				INFOPLIST_KEY_NSPhotoLibraryUsageDescription = "이미지를 가져옵니다.";
				INFOPLIST_KEY_UIApplicationSceneManifest_Generation = YES;
				INFOPLIST_KEY_UIApplicationSupportsIndirectInputEvents = YES;
				INFOPLIST_KEY_UILaunchStoryboardName = LaunchScreen;
				INFOPLIST_KEY_UISupportedInterfaceOrientations_iPad = "UIInterfaceOrientationPortrait UIInterfaceOrientationPortraitUpsideDown UIInterfaceOrientationLandscapeLeft UIInterfaceOrientationLandscapeRight";
				INFOPLIST_KEY_UISupportedInterfaceOrientations_iPhone = "UIInterfaceOrientationPortrait UIInterfaceOrientationLandscapeLeft UIInterfaceOrientationLandscapeRight";
				IPHONEOS_DEPLOYMENT_TARGET = 26.0;
				LD_RUNPATH_SEARCH_PATHS = (
					"$(inherited)",
					"@executable_path/Frameworks",
				);
				MARKETING_VERSION = 1.0;
				OTHER_LDFLAGS = "";
				PRODUCT_BUNDLE_IDENTIFIER = com.eunchankim.LMessenger;
				PRODUCT_NAME = "$(TARGET_NAME)";
				SWIFT_EMIT_LOC_STRINGS = YES;
				SWIFT_VERSION = 5.0;
				TARGETED_DEVICE_FAMILY = "1,2";
			};
			name = Release;
		};
		723ABDAB2AFFF1B900C260F1 /* Debug */ = {
			isa = XCBuildConfiguration;
			buildSettings = {
				BUNDLE_LOADER = "$(TEST_HOST)";
				CODE_SIGN_STYLE = Automatic;
				CURRENT_PROJECT_VERSION = 1;
				DEVELOPMENT_TEAM = 3TJC44V5L9;
				GENERATE_INFOPLIST_FILE = YES;
				IPHONEOS_DEPLOYMENT_TARGET = 26.0;
				MARKETING_VERSION = 1.0;
				PRODUCT_BUNDLE_IDENTIFIER = com.fastcampus.LMessengerTests;
				PRODUCT_NAME = "$(TARGET_NAME)";
				SWIFT_EMIT_LOC_STRINGS = NO;
				SWIFT_VERSION = 5.0;
				TARGETED_DEVICE_FAMILY = "1,2";
				TEST_HOST = "$(BUILT_PRODUCTS_DIR)/LMessenger.app/$(BUNDLE_EXECUTABLE_FOLDER_PATH)/LMessenger";
			};
			name = Debug;
		};
		723ABDAC2AFFF1B900C260F1 /* Release */ = {
			isa = XCBuildConfiguration;
			buildSettings = {
				BUNDLE_LOADER = "$(TEST_HOST)";
				CODE_SIGN_STYLE = Automatic;
				CURRENT_PROJECT_VERSION = 1;
				DEVELOPMENT_TEAM = 3TJC44V5L9;
				GENERATE_INFOPLIST_FILE = YES;
				IPHONEOS_DEPLOYMENT_TARGET = 26.0;
				MARKETING_VERSION = 1.0;
				PRODUCT_BUNDLE_IDENTIFIER = com.fastcampus.LMessengerTests;
				PRODUCT_NAME = "$(TARGET_NAME)";
				SWIFT_EMIT_LOC_STRINGS = NO;
				SWIFT_VERSION = 5.0;
				TARGETED_DEVICE_FAMILY = "1,2";
				TEST_HOST = "$(BUILT_PRODUCTS_DIR)/LMessenger.app/$(BUNDLE_EXECUTABLE_FOLDER_PATH)/LMessenger";
			};
			name = Release;
		};
/* End XCBuildConfiguration section */

/* Begin XCConfigurationList section */
		723ABD7E2AFFF1B800C260F1 /* Build configuration list for PBXProject "LMessenger" */ = {
			isa = XCConfigurationList;
			buildConfigurations = (
				723ABDA52AFFF1B900C260F1 /* Debug */,
				723ABDA62AFFF1B900C260F1 /* Release */,
			);
			defaultConfigurationIsVisible = 0;
			defaultConfigurationName = Release;
		};
		723ABDA72AFFF1B900C260F1 /* Build configuration list for PBXNativeTarget "LMessenger" */ = {
			isa = XCConfigurationList;
			buildConfigurations = (
				723ABDA82AFFF1B900C260F1 /* Debug */,
				723ABDA92AFFF1B900C260F1 /* Release */,
			);
			defaultConfigurationIsVisible = 0;
			defaultConfigurationName = Release;
		};
		723ABDAA2AFFF1B900C260F1 /* Build configuration list for PBXNativeTarget "LMessengerTests" */ = {
			isa = XCConfigurationList;
			buildConfigurations = (
				723ABDAB2AFFF1B900C260F1 /* Debug */,
				723ABDAC2AFFF1B900C260F1 /* Release */,
			);
			defaultConfigurationIsVisible = 0;
			defaultConfigurationName = Release;
		};
/* End XCConfigurationList section */

/* Begin XCRemoteSwiftPackageReference section */
		BC0C65262E0160AF0052D0C1 /* XCRemoteSwiftPackageReference "firebase-ios-sdk" */ = {
			isa = XCRemoteSwiftPackageReference;
			repositoryURL = "https://github.com/firebase/firebase-ios-sdk";
			requirement = {
				kind = upToNextMajorVersion;
				minimumVersion = 11.14.0;
			};
		};
		BC219AC12E019DF3001F282C /* XCRemoteSwiftPackageReference "GoogleSignIn-iOS" */ = {
			isa = XCRemoteSwiftPackageReference;
			repositoryURL = "https://github.com/google/GoogleSignIn-iOS";
			requirement = {
				kind = upToNextMajorVersion;
				minimumVersion = 8.0.0;
			};
		};
/* End XCRemoteSwiftPackageReference section */

/* Begin XCSwiftPackageProductDependency section */
		BC0C65272E0160AF0052D0C1 /* FirebaseAuth */ = {
			isa = XCSwiftPackageProductDependency;
			package = BC0C65262E0160AF0052D0C1 /* XCRemoteSwiftPackageReference "firebase-ios-sdk" */;
			productName = FirebaseAuth;
		};
		BC219AC22E019DF3001F282C /* GoogleSignIn */ = {
			isa = XCSwiftPackageProductDependency;
			package = BC219AC12E019DF3001F282C /* XCRemoteSwiftPackageReference "GoogleSignIn-iOS" */;
			productName = GoogleSignIn;
		};
		BC4C28592E5C246D005977D9 /* FirebaseAuth */ = {
			isa = XCSwiftPackageProductDependency;
			package = BC0C65262E0160AF0052D0C1 /* XCRemoteSwiftPackageReference "firebase-ios-sdk" */;
			productName = FirebaseAuth;
		};
		BC4C285B2E5C246D005977D9 /* FirebaseDatabase */ = {
			isa = XCSwiftPackageProductDependency;
			package = BC0C65262E0160AF0052D0C1 /* XCRemoteSwiftPackageReference "firebase-ios-sdk" */;
			productName = FirebaseDatabase;
		};
		BC4C285D2E5C246D005977D9 /* FirebaseMessaging */ = {
			isa = XCSwiftPackageProductDependency;
			package = BC0C65262E0160AF0052D0C1 /* XCRemoteSwiftPackageReference "firebase-ios-sdk" */;
			productName = FirebaseMessaging;
		};
		BC4C285F2E5C246D005977D9 /* FirebaseStorage */ = {
			isa = XCSwiftPackageProductDependency;
			package = BC0C65262E0160AF0052D0C1 /* XCRemoteSwiftPackageReference "firebase-ios-sdk" */;
			productName = FirebaseStorage;
		};
		BC4C28612E5C246D005977D9 /* FirebaseStorageCombine-Community */ = {
			isa = XCSwiftPackageProductDependency;
			package = BC0C65262E0160AF0052D0C1 /* XCRemoteSwiftPackageReference "firebase-ios-sdk" */;
			productName = "FirebaseStorageCombine-Community";
		};
		BC4C28632E5C246D005977D9 /* GoogleSignIn */ = {
			isa = XCSwiftPackageProductDependency;
			package = BC219AC12E019DF3001F282C /* XCRemoteSwiftPackageReference "GoogleSignIn-iOS" */;
			productName = GoogleSignIn;
		};
		BC8992B72E3DFD71009E65CA /* FirebaseDatabase */ = {
			isa = XCSwiftPackageProductDependency;
			package = BC0C65262E0160AF0052D0C1 /* XCRemoteSwiftPackageReference "firebase-ios-sdk" */;
			productName = FirebaseDatabase;
		};
		BC9EF0982E432F2700725CD1 /* FirebaseStorage */ = {
			isa = XCSwiftPackageProductDependency;
			package = BC0C65262E0160AF0052D0C1 /* XCRemoteSwiftPackageReference "firebase-ios-sdk" */;
			productName = FirebaseStorage;
		};
		BC9EF09A2E432F2700725CD1 /* FirebaseStorageCombine-Community */ = {
			isa = XCSwiftPackageProductDependency;
			package = BC0C65262E0160AF0052D0C1 /* XCRemoteSwiftPackageReference "firebase-ios-sdk" */;
			productName = "FirebaseStorageCombine-Community";
		};
		BCE180972E505AF200C34A38 /* FirebaseMessaging */ = {
			isa = XCSwiftPackageProductDependency;
			package = BC0C65262E0160AF0052D0C1 /* XCRemoteSwiftPackageReference "firebase-ios-sdk" */;
			productName = FirebaseMessaging;
		};
/* End XCSwiftPackageProductDependency section */

/* Begin XCVersionGroup section */
		BC02BA8B2E55749000B7AD5B /* Search.xcdatamodeld */ = {
			isa = XCVersionGroup;
			children = (
				BC02BA8C2E55749000B7AD5B /* Search.xcdatamodel */,
			);
			currentVersion = BC02BA8C2E55749000B7AD5B /* Search.xcdatamodel */;
			path = Search.xcdatamodeld;
			sourceTree = "<group>";
			versionGroupType = wrapper.xcdatamodel;
		};
/* End XCVersionGroup section */
	};
	rootObject = 723ABD7B2AFFF1B800C260F1 /* Project object */;
}
